// !$*UTF8*$!
{
	archiveVersion = 1;
	classes = {
	};
	objectVersion = 46;
	objects = {

/* Begin PBXBuildFile section */
		A57BD5CF16A6B71700CA2CDF /* ShortcutRecorder.strings in Resources */ = {isa = PBXBuildFile; fileRef = A57BD5B616A6B71700CA2CDF /* ShortcutRecorder.strings */; };
		A57BD5D516A6B83000CA2CDF /* PTHotKey.framework in Frameworks */ = {isa = PBXBuildFile; fileRef = A5B49B9316A6A88A004F9895 /* PTHotKey.framework */; };
		A57BD5D616A6B83000CA2CDF /* ShortcutRecorder.framework in Frameworks */ = {isa = PBXBuildFile; fileRef = A5B49BB516A6AB07004F9895 /* ShortcutRecorder.framework */; };
		A57BD5D716A6B9E200CA2CDF /* PTHotKey.m in Sources */ = {isa = PBXBuildFile; fileRef = A5B49B8716A6A868004F9895 /* PTHotKey.m */; };
		A57BD60716A6C7AD00CA2CDF /* SRSnapback.png in Resources */ = {isa = PBXBuildFile; fileRef = A57BD5E916A6C4EB00CA2CDF /* SRSnapback.png */; };
		A57BD60816A6C7AD00CA2CDF /* SRSnapback@2x.png in Resources */ = {isa = PBXBuildFile; fileRef = A57BD5EA16A6C4EB00CA2CDF /* SRSnapback@2x.png */; };
		A57BD60916A6C7AD00CA2CDF /* SRRemoveShortcut.png in Resources */ = {isa = PBXBuildFile; fileRef = A57BD5E116A6C34800CA2CDF /* SRRemoveShortcut.png */; };
		A57BD60A16A6C7AD00CA2CDF /* SRRemoveShortcut@2x.png in Resources */ = {isa = PBXBuildFile; fileRef = A57BD5E216A6C34800CA2CDF /* SRRemoveShortcut@2x.png */; };
		A57BD60B16A6C7AD00CA2CDF /* SRRemoveShortcutRollover.png in Resources */ = {isa = PBXBuildFile; fileRef = A57BD5E316A6C34800CA2CDF /* SRRemoveShortcutRollover.png */; };
		A57BD60C16A6C7AD00CA2CDF /* SRRemoveShortcutRollover@2x.png in Resources */ = {isa = PBXBuildFile; fileRef = A57BD5E416A6C34800CA2CDF /* SRRemoveShortcutRollover@2x.png */; };
		A5B49B9516A6A88A004F9895 /* Cocoa.framework in Frameworks */ = {isa = PBXBuildFile; fileRef = A5B49B9416A6A88A004F9895 /* Cocoa.framework */; };
		A5B49BA616A6A8D8004F9895 /* PTHotKey.h in Headers */ = {isa = PBXBuildFile; fileRef = A5B49B8616A6A868004F9895 /* PTHotKey.h */; settings = {ATTRIBUTES = (Public, ); }; };
		A5B49BA816A6A8DA004F9895 /* PTHotKeyCenter.h in Headers */ = {isa = PBXBuildFile; fileRef = A5B49B8816A6A868004F9895 /* PTHotKeyCenter.h */; settings = {ATTRIBUTES = (Public, ); }; };
		A5B49BA916A6A8DC004F9895 /* PTKeyCodeTranslator.h in Headers */ = {isa = PBXBuildFile; fileRef = A5B49B8A16A6A868004F9895 /* PTKeyCodeTranslator.h */; settings = {ATTRIBUTES = (Public, ); }; };
		A5B49BAA16A6A8DF004F9895 /* PTKeyCombo.h in Headers */ = {isa = PBXBuildFile; fileRef = A5B49B8C16A6A868004F9895 /* PTKeyCombo.h */; settings = {ATTRIBUTES = (Public, ); }; };
		A5B49BAB16A6A8EB004F9895 /* PTHotKeyCenter.m in Sources */ = {isa = PBXBuildFile; fileRef = A5B49B8916A6A868004F9895 /* PTHotKeyCenter.m */; };
		A5B49BAC16A6A8EE004F9895 /* PTKeyCodeTranslator.m in Sources */ = {isa = PBXBuildFile; fileRef = A5B49B8B16A6A868004F9895 /* PTKeyCodeTranslator.m */; };
		A5B49BAD16A6A8F0004F9895 /* PTKeyCombo.m in Sources */ = {isa = PBXBuildFile; fileRef = A5B49B8D16A6A868004F9895 /* PTKeyCombo.m */; };
		A5B49BAF16A6AA18004F9895 /* Carbon.framework in Frameworks */ = {isa = PBXBuildFile; fileRef = A5B49BAE16A6AA18004F9895 /* Carbon.framework */; };
		A5B49BB616A6AB07004F9895 /* Cocoa.framework in Frameworks */ = {isa = PBXBuildFile; fileRef = A5B49B9416A6A88A004F9895 /* Cocoa.framework */; };
		A5B49BCF16A6ABC9004F9895 /* SRCommon.h in Headers */ = {isa = PBXBuildFile; fileRef = A5B49BC516A6ABC9004F9895 /* SRCommon.h */; settings = {ATTRIBUTES = (Public, ); }; };
		A5B49BD016A6ABC9004F9895 /* SRCommon.m in Sources */ = {isa = PBXBuildFile; fileRef = A5B49BC616A6ABC9004F9895 /* SRCommon.m */; };
		A5B49BD116A6ABC9004F9895 /* SRKeyCodeTransformer.h in Headers */ = {isa = PBXBuildFile; fileRef = A5B49BC716A6ABC9004F9895 /* SRKeyCodeTransformer.h */; settings = {ATTRIBUTES = (Public, ); }; };
		A5B49BD216A6ABC9004F9895 /* SRKeyCodeTransformer.m in Sources */ = {isa = PBXBuildFile; fileRef = A5B49BC816A6ABC9004F9895 /* SRKeyCodeTransformer.m */; };
		A5B49BD316A6ABC9004F9895 /* SRRecorderCell.h in Headers */ = {isa = PBXBuildFile; fileRef = A5B49BC916A6ABC9004F9895 /* SRRecorderCell.h */; settings = {ATTRIBUTES = (Public, ); }; };
		A5B49BD416A6ABC9004F9895 /* SRRecorderCell.m in Sources */ = {isa = PBXBuildFile; fileRef = A5B49BCA16A6ABC9004F9895 /* SRRecorderCell.m */; };
		A5B49BD516A6ABC9004F9895 /* SRRecorderControl.h in Headers */ = {isa = PBXBuildFile; fileRef = A5B49BCB16A6ABC9004F9895 /* SRRecorderControl.h */; settings = {ATTRIBUTES = (Public, ); }; };
		A5B49BD616A6ABC9004F9895 /* SRRecorderControl.m in Sources */ = {isa = PBXBuildFile; fileRef = A5B49BCC16A6ABC9004F9895 /* SRRecorderControl.m */; };
		A5B49BD716A6ABC9004F9895 /* SRValidator.h in Headers */ = {isa = PBXBuildFile; fileRef = A5B49BCD16A6ABC9004F9895 /* SRValidator.h */; settings = {ATTRIBUTES = (Public, ); }; };
		A5B49BD816A6ABC9004F9895 /* SRValidator.m in Sources */ = {isa = PBXBuildFile; fileRef = A5B49BCE16A6ABC9004F9895 /* SRValidator.m */; };
		A5B49BDA16A6AC3E004F9895 /* ShortcutRecorder.h in Headers */ = {isa = PBXBuildFile; fileRef = A5B49BD916A6AC3E004F9895 /* ShortcutRecorder.h */; settings = {ATTRIBUTES = (Public, ); }; };
		A5BE918316A6B05800D3EAF6 /* Carbon.framework in Frameworks */ = {isa = PBXBuildFile; fileRef = A5B49BAE16A6AA18004F9895 /* Carbon.framework */; };
		A5BE918F16A6B1EA00D3EAF6 /* Cocoa.framework in Frameworks */ = {isa = PBXBuildFile; fileRef = A5B49B9416A6A88A004F9895 /* Cocoa.framework */; };
		A5BE919716A6B1EA00D3EAF6 /* InfoPlist.strings in Resources */ = {isa = PBXBuildFile; fileRef = A5BE919516A6B1EA00D3EAF6 /* InfoPlist.strings */; };
		A5BE919D16A6B1EA00D3EAF6 /* Credits.rtf in Resources */ = {isa = PBXBuildFile; fileRef = A5BE919B16A6B1EA00D3EAF6 /* Credits.rtf */; };
		A5BE91A316A6B1EA00D3EAF6 /* MainMenu.xib in Resources */ = {isa = PBXBuildFile; fileRef = A5BE91A116A6B1EA00D3EAF6 /* MainMenu.xib */; };
		A5BE91AF16A6B2D500D3EAF6 /* AppController.m in Sources */ = {isa = PBXBuildFile; fileRef = A5BE91AE16A6B2D500D3EAF6 /* AppController.m */; };
		A5BE91B516A6B35000D3EAF6 /* PTHotKey.framework in CopyFiles */ = {isa = PBXBuildFile; fileRef = A5B49B9316A6A88A004F9895 /* PTHotKey.framework */; settings = {ATTRIBUTES = (CodeSignOnCopy, ); }; };
		A5BE91B616A6B35000D3EAF6 /* ShortcutRecorder.framework in CopyFiles */ = {isa = PBXBuildFile; fileRef = A5B49BB516A6AB07004F9895 /* ShortcutRecorder.framework */; settings = {ATTRIBUTES = (CodeSignOnCopy, ); }; };
		A5BE91B716A6B35D00D3EAF6 /* main.m in Sources */ = {isa = PBXBuildFile; fileRef = A5BE919816A6B1EA00D3EAF6 /* main.m */; };
/* End PBXBuildFile section */

/* Begin PBXContainerItemProxy section */
		A5BE91B016A6B34100D3EAF6 /* PBXContainerItemProxy */ = {
			isa = PBXContainerItemProxy;
			containerPortal = 29B97313FDCFA39411CA2CEA /* Project object */;
			proxyType = 1;
			remoteGlobalIDString = A5B49B9216A6A88A004F9895;
			remoteInfo = PTHotKey;
		};
		A5BE91B216A6B34100D3EAF6 /* PBXContainerItemProxy */ = {
			isa = PBXContainerItemProxy;
			containerPortal = 29B97313FDCFA39411CA2CEA /* Project object */;
			proxyType = 1;
			remoteGlobalIDString = A5B49BB416A6AB07004F9895;
			remoteInfo = ShortcutRecorder;
		};
/* End PBXContainerItemProxy section */

/* Begin PBXCopyFilesBuildPhase section */
		A5BE91B416A6B34700D3EAF6 /* CopyFiles */ = {
			isa = PBXCopyFilesBuildPhase;
			buildActionMask = 2147483647;
			dstPath = "";
			dstSubfolderSpec = 10;
			files = (
				A5BE91B516A6B35000D3EAF6 /* PTHotKey.framework in CopyFiles */,
				A5BE91B616A6B35000D3EAF6 /* ShortcutRecorder.framework in CopyFiles */,
			);
			runOnlyForDeploymentPostprocessing = 0;
		};
/* End PBXCopyFilesBuildPhase section */

/* Begin PBXFileReference section */
		A57BD5B716A6B71700CA2CDF /* ca */ = {isa = PBXFileReference; fileEncoding = 4; lastKnownFileType = text.plist.strings; name = ca; path = ca.lproj/ShortcutRecorder.strings; sourceTree = "<group>"; };
		A57BD5B816A6B71700CA2CDF /* cs */ = {isa = PBXFileReference; fileEncoding = 4; lastKnownFileType = text.plist.strings; name = cs; path = cs.lproj/ShortcutRecorder.strings; sourceTree = "<group>"; };
		A57BD5B916A6B71700CA2CDF /* da */ = {isa = PBXFileReference; fileEncoding = 4; lastKnownFileType = text.plist.strings; name = da; path = da.lproj/ShortcutRecorder.strings; sourceTree = "<group>"; };
		A57BD5BA16A6B71700CA2CDF /* de */ = {isa = PBXFileReference; fileEncoding = 4; lastKnownFileType = text.plist.strings; name = de; path = de.lproj/ShortcutRecorder.strings; sourceTree = "<group>"; };
		A57BD5BB16A6B71700CA2CDF /* el */ = {isa = PBXFileReference; fileEncoding = 4; lastKnownFileType = text.plist.strings; name = el; path = el.lproj/ShortcutRecorder.strings; sourceTree = "<group>"; };
		A57BD5BC16A6B71700CA2CDF /* en */ = {isa = PBXFileReference; fileEncoding = 4; lastKnownFileType = text.plist.strings; name = en; path = en.lproj/ShortcutRecorder.strings; sourceTree = "<group>"; };
		A57BD5BD16A6B71700CA2CDF /* es-MX */ = {isa = PBXFileReference; fileEncoding = 4; lastKnownFileType = text.plist.strings; name = "es-MX"; path = "es-MX.lproj/ShortcutRecorder.strings"; sourceTree = "<group>"; };
		A57BD5BE16A6B71700CA2CDF /* es */ = {isa = PBXFileReference; fileEncoding = 4; lastKnownFileType = text.plist.strings; name = es; path = es.lproj/ShortcutRecorder.strings; sourceTree = "<group>"; };
		A57BD5BF16A6B71700CA2CDF /* fr */ = {isa = PBXFileReference; fileEncoding = 4; lastKnownFileType = text.plist.strings; name = fr; path = fr.lproj/ShortcutRecorder.strings; sourceTree = "<group>"; };
		A57BD5C016A6B71700CA2CDF /* it */ = {isa = PBXFileReference; fileEncoding = 4; lastKnownFileType = text.plist.strings; name = it; path = it.lproj/ShortcutRecorder.strings; sourceTree = "<group>"; };
		A57BD5C116A6B71700CA2CDF /* ja */ = {isa = PBXFileReference; fileEncoding = 4; lastKnownFileType = text.plist.strings; name = ja; path = ja.lproj/ShortcutRecorder.strings; sourceTree = "<group>"; };
		A57BD5C216A6B71700CA2CDF /* ko */ = {isa = PBXFileReference; fileEncoding = 4; lastKnownFileType = text.plist.strings; name = ko; path = ko.lproj/ShortcutRecorder.strings; sourceTree = "<group>"; };
		A57BD5C316A6B71700CA2CDF /* nb */ = {isa = PBXFileReference; fileEncoding = 4; lastKnownFileType = text.plist.strings; name = nb; path = nb.lproj/ShortcutRecorder.strings; sourceTree = "<group>"; };
		A57BD5C416A6B71700CA2CDF /* nl */ = {isa = PBXFileReference; fileEncoding = 4; lastKnownFileType = text.plist.strings; name = nl; path = nl.lproj/ShortcutRecorder.strings; sourceTree = "<group>"; };
		A57BD5C516A6B71700CA2CDF /* pl */ = {isa = PBXFileReference; fileEncoding = 4; lastKnownFileType = text.plist.strings; name = pl; path = pl.lproj/ShortcutRecorder.strings; sourceTree = "<group>"; };
		A57BD5C616A6B71700CA2CDF /* pt-BR */ = {isa = PBXFileReference; fileEncoding = 4; lastKnownFileType = text.plist.strings; name = "pt-BR"; path = "pt-BR.lproj/ShortcutRecorder.strings"; sourceTree = "<group>"; };
		A57BD5C716A6B71700CA2CDF /* pt */ = {isa = PBXFileReference; fileEncoding = 4; lastKnownFileType = text.plist.strings; name = pt; path = pt.lproj/ShortcutRecorder.strings; sourceTree = "<group>"; };
		A57BD5C816A6B71700CA2CDF /* ro */ = {isa = PBXFileReference; fileEncoding = 4; lastKnownFileType = text.plist.strings; name = ro; path = ro.lproj/ShortcutRecorder.strings; sourceTree = "<group>"; };
		A57BD5C916A6B71700CA2CDF /* ru */ = {isa = PBXFileReference; fileEncoding = 4; lastKnownFileType = text.plist.strings; name = ru; path = ru.lproj/ShortcutRecorder.strings; sourceTree = "<group>"; };
		A57BD5CA16A6B71700CA2CDF /* sk */ = {isa = PBXFileReference; fileEncoding = 4; lastKnownFileType = text.plist.strings; name = sk; path = sk.lproj/ShortcutRecorder.strings; sourceTree = "<group>"; };
		A57BD5CB16A6B71700CA2CDF /* sv */ = {isa = PBXFileReference; fileEncoding = 4; lastKnownFileType = text.plist.strings; name = sv; path = sv.lproj/ShortcutRecorder.strings; sourceTree = "<group>"; };
		A57BD5CC16A6B71700CA2CDF /* th */ = {isa = PBXFileReference; fileEncoding = 4; lastKnownFileType = text.plist.strings; name = th; path = th.lproj/ShortcutRecorder.strings; sourceTree = "<group>"; };
		A57BD5CD16A6B71700CA2CDF /* zh-Hans */ = {isa = PBXFileReference; fileEncoding = 4; lastKnownFileType = text.plist.strings; name = "zh-Hans"; path = "zh-Hans.lproj/ShortcutRecorder.strings"; sourceTree = "<group>"; };
		A57BD5CE16A6B71700CA2CDF /* zh-Hant */ = {isa = PBXFileReference; fileEncoding = 4; lastKnownFileType = text.plist.strings; name = "zh-Hant"; path = "zh-Hant.lproj/ShortcutRecorder.strings"; sourceTree = "<group>"; };
		A57BD5E116A6C34800CA2CDF /* SRRemoveShortcut.png */ = {isa = PBXFileReference; lastKnownFileType = image.png; path = SRRemoveShortcut.png; sourceTree = "<group>"; };
		A57BD5E216A6C34800CA2CDF /* SRRemoveShortcut@2x.png */ = {isa = PBXFileReference; lastKnownFileType = image.png; path = "SRRemoveShortcut@2x.png"; sourceTree = "<group>"; };
		A57BD5E316A6C34800CA2CDF /* SRRemoveShortcutRollover.png */ = {isa = PBXFileReference; lastKnownFileType = image.png; path = SRRemoveShortcutRollover.png; sourceTree = "<group>"; };
		A57BD5E416A6C34800CA2CDF /* SRRemoveShortcutRollover@2x.png */ = {isa = PBXFileReference; lastKnownFileType = image.png; path = "SRRemoveShortcutRollover@2x.png"; sourceTree = "<group>"; };
		A57BD5E916A6C4EB00CA2CDF /* SRSnapback.png */ = {isa = PBXFileReference; lastKnownFileType = image.png; path = SRSnapback.png; sourceTree = "<group>"; };
		A57BD5EA16A6C4EB00CA2CDF /* SRSnapback@2x.png */ = {isa = PBXFileReference; lastKnownFileType = image.png; path = "SRSnapback@2x.png"; sourceTree = "<group>"; };
		A5B49B8616A6A868004F9895 /* PTHotKey.h */ = {isa = PBXFileReference; lastKnownFileType = sourcecode.c.h; path = PTHotKey.h; sourceTree = "<group>"; };
		A5B49B8716A6A868004F9895 /* PTHotKey.m */ = {isa = PBXFileReference; lastKnownFileType = sourcecode.c.objc; path = PTHotKey.m; sourceTree = "<group>"; };
		A5B49B8816A6A868004F9895 /* PTHotKeyCenter.h */ = {isa = PBXFileReference; lastKnownFileType = sourcecode.c.h; path = PTHotKeyCenter.h; sourceTree = "<group>"; };
		A5B49B8916A6A868004F9895 /* PTHotKeyCenter.m */ = {isa = PBXFileReference; lastKnownFileType = sourcecode.c.objc; path = PTHotKeyCenter.m; sourceTree = "<group>"; };
		A5B49B8A16A6A868004F9895 /* PTKeyCodeTranslator.h */ = {isa = PBXFileReference; lastKnownFileType = sourcecode.c.h; path = PTKeyCodeTranslator.h; sourceTree = "<group>"; };
		A5B49B8B16A6A868004F9895 /* PTKeyCodeTranslator.m */ = {isa = PBXFileReference; lastKnownFileType = sourcecode.c.objc; path = PTKeyCodeTranslator.m; sourceTree = "<group>"; };
		A5B49B8C16A6A868004F9895 /* PTKeyCombo.h */ = {isa = PBXFileReference; lastKnownFileType = sourcecode.c.h; path = PTKeyCombo.h; sourceTree = "<group>"; };
		A5B49B8D16A6A868004F9895 /* PTKeyCombo.m */ = {isa = PBXFileReference; lastKnownFileType = sourcecode.c.objc; path = PTKeyCombo.m; sourceTree = "<group>"; };
		A5B49B9316A6A88A004F9895 /* PTHotKey.framework */ = {isa = PBXFileReference; explicitFileType = wrapper.framework; includeInIndex = 0; path = PTHotKey.framework; sourceTree = BUILT_PRODUCTS_DIR; };
		A5B49B9416A6A88A004F9895 /* Cocoa.framework */ = {isa = PBXFileReference; lastKnownFileType = wrapper.framework; name = Cocoa.framework; path = System/Library/Frameworks/Cocoa.framework; sourceTree = SDKROOT; };
		A5B49B9816A6A88A004F9895 /* PTHotKey-Info.plist */ = {isa = PBXFileReference; lastKnownFileType = text.plist.xml; path = "PTHotKey-Info.plist"; sourceTree = "<group>"; };
		A5B49B9C16A6A88A004F9895 /* PTHotKey-Prefix.pch */ = {isa = PBXFileReference; lastKnownFileType = sourcecode.c.h; path = "PTHotKey-Prefix.pch"; sourceTree = "<group>"; };
		A5B49BAE16A6AA18004F9895 /* Carbon.framework */ = {isa = PBXFileReference; lastKnownFileType = wrapper.framework; name = Carbon.framework; path = Platforms/MacOSX.platform/Developer/SDKs/MacOSX10.8.sdk/System/Library/Frameworks/Carbon.framework; sourceTree = DEVELOPER_DIR; };
		A5B49BB516A6AB07004F9895 /* ShortcutRecorder.framework */ = {isa = PBXFileReference; explicitFileType = wrapper.framework; includeInIndex = 0; path = ShortcutRecorder.framework; sourceTree = BUILT_PRODUCTS_DIR; };
		A5B49BBA16A6AB07004F9895 /* ShortcutRecorder-Info.plist */ = {isa = PBXFileReference; lastKnownFileType = text.plist.xml; path = "ShortcutRecorder-Info.plist"; sourceTree = "<group>"; };
		A5B49BBE16A6AB07004F9895 /* ShortcutRecorder-Prefix.pch */ = {isa = PBXFileReference; lastKnownFileType = sourcecode.c.h; path = "ShortcutRecorder-Prefix.pch"; sourceTree = "<group>"; };
		A5B49BC516A6ABC9004F9895 /* SRCommon.h */ = {isa = PBXFileReference; fileEncoding = 4; lastKnownFileType = sourcecode.c.h; path = SRCommon.h; sourceTree = "<group>"; };
		A5B49BC616A6ABC9004F9895 /* SRCommon.m */ = {isa = PBXFileReference; fileEncoding = 4; lastKnownFileType = sourcecode.c.objc; path = SRCommon.m; sourceTree = "<group>"; };
		A5B49BC716A6ABC9004F9895 /* SRKeyCodeTransformer.h */ = {isa = PBXFileReference; fileEncoding = 4; lastKnownFileType = sourcecode.c.h; path = SRKeyCodeTransformer.h; sourceTree = "<group>"; };
		A5B49BC816A6ABC9004F9895 /* SRKeyCodeTransformer.m */ = {isa = PBXFileReference; fileEncoding = 4; lastKnownFileType = sourcecode.c.objc; path = SRKeyCodeTransformer.m; sourceTree = "<group>"; };
		A5B49BC916A6ABC9004F9895 /* SRRecorderCell.h */ = {isa = PBXFileReference; fileEncoding = 4; lastKnownFileType = sourcecode.c.h; path = SRRecorderCell.h; sourceTree = "<group>"; };
		A5B49BCA16A6ABC9004F9895 /* SRRecorderCell.m */ = {isa = PBXFileReference; fileEncoding = 4; lastKnownFileType = sourcecode.c.objc; path = SRRecorderCell.m; sourceTree = "<group>"; };
		A5B49BCB16A6ABC9004F9895 /* SRRecorderControl.h */ = {isa = PBXFileReference; fileEncoding = 4; lastKnownFileType = sourcecode.c.h; path = SRRecorderControl.h; sourceTree = "<group>"; };
		A5B49BCC16A6ABC9004F9895 /* SRRecorderControl.m */ = {isa = PBXFileReference; fileEncoding = 4; lastKnownFileType = sourcecode.c.objc; path = SRRecorderControl.m; sourceTree = "<group>"; };
		A5B49BCD16A6ABC9004F9895 /* SRValidator.h */ = {isa = PBXFileReference; fileEncoding = 4; lastKnownFileType = sourcecode.c.h; path = SRValidator.h; sourceTree = "<group>"; };
		A5B49BCE16A6ABC9004F9895 /* SRValidator.m */ = {isa = PBXFileReference; fileEncoding = 4; lastKnownFileType = sourcecode.c.objc; path = SRValidator.m; sourceTree = "<group>"; };
		A5B49BD916A6AC3E004F9895 /* ShortcutRecorder.h */ = {isa = PBXFileReference; fileEncoding = 4; lastKnownFileType = sourcecode.c.h; path = ShortcutRecorder.h; sourceTree = "<group>"; };
		A5BE918D16A6B1EA00D3EAF6 /* TestApp.app */ = {isa = PBXFileReference; explicitFileType = wrapper.application; includeInIndex = 0; path = TestApp.app; sourceTree = BUILT_PRODUCTS_DIR; };
		A5BE919416A6B1EA00D3EAF6 /* TestApp-Info.plist */ = {isa = PBXFileReference; lastKnownFileType = text.plist.xml; path = "TestApp-Info.plist"; sourceTree = "<group>"; };
		A5BE919616A6B1EA00D3EAF6 /* en */ = {isa = PBXFileReference; fileEncoding = 4; lastKnownFileType = text.plist.strings; name = en; path = en.lproj/InfoPlist.strings; sourceTree = "<group>"; };
		A5BE919816A6B1EA00D3EAF6 /* main.m */ = {isa = PBXFileReference; lastKnownFileType = sourcecode.c.objc; path = main.m; sourceTree = "<group>"; };
		A5BE919A16A6B1EA00D3EAF6 /* TestApp-Prefix.pch */ = {isa = PBXFileReference; lastKnownFileType = sourcecode.c.h; path = "TestApp-Prefix.pch"; sourceTree = "<group>"; };
		A5BE919C16A6B1EA00D3EAF6 /* en */ = {isa = PBXFileReference; lastKnownFileType = text.rtf; name = en; path = en.lproj/Credits.rtf; sourceTree = "<group>"; };
		A5BE91A216A6B1EA00D3EAF6 /* en */ = {isa = PBXFileReference; lastKnownFileType = file.xib; name = en; path = en.lproj/MainMenu.xib; sourceTree = "<group>"; };
		A5BE91AD16A6B2D500D3EAF6 /* AppController.h */ = {isa = PBXFileReference; fileEncoding = 4; lastKnownFileType = sourcecode.c.h; path = AppController.h; sourceTree = "<group>"; };
		A5BE91AE16A6B2D500D3EAF6 /* AppController.m */ = {isa = PBXFileReference; fileEncoding = 4; lastKnownFileType = sourcecode.c.objc; path = AppController.m; sourceTree = "<group>"; };
/* End PBXFileReference section */

/* Begin PBXFrameworksBuildPhase section */
		A5B49B8F16A6A88A004F9895 /* Frameworks */ = {
			isa = PBXFrameworksBuildPhase;
			buildActionMask = 2147483647;
			files = (
				A5B49BAF16A6AA18004F9895 /* Carbon.framework in Frameworks */,
				A5B49B9516A6A88A004F9895 /* Cocoa.framework in Frameworks */,
			);
			runOnlyForDeploymentPostprocessing = 0;
		};
		A5B49BB116A6AB07004F9895 /* Frameworks */ = {
			isa = PBXFrameworksBuildPhase;
			buildActionMask = 2147483647;
			files = (
				A5B49BB616A6AB07004F9895 /* Cocoa.framework in Frameworks */,
				A5BE918316A6B05800D3EAF6 /* Carbon.framework in Frameworks */,
			);
			runOnlyForDeploymentPostprocessing = 0;
		};
		A5BE918A16A6B1EA00D3EAF6 /* Frameworks */ = {
			isa = PBXFrameworksBuildPhase;
			buildActionMask = 2147483647;
			files = (
				A5BE918F16A6B1EA00D3EAF6 /* Cocoa.framework in Frameworks */,
				A57BD5D516A6B83000CA2CDF /* PTHotKey.framework in Frameworks */,
				A57BD5D616A6B83000CA2CDF /* ShortcutRecorder.framework in Frameworks */,
			);
			runOnlyForDeploymentPostprocessing = 0;
		};
/* End PBXFrameworksBuildPhase section */

/* Begin PBXGroup section */
		0B5E281709C1D6C500444687 /* Images */ = {
			isa = PBXGroup;
			children = (
				A57BD5E916A6C4EB00CA2CDF /* SRSnapback.png */,
				A57BD5EA16A6C4EB00CA2CDF /* SRSnapback@2x.png */,
				A57BD5E116A6C34800CA2CDF /* SRRemoveShortcut.png */,
				A57BD5E216A6C34800CA2CDF /* SRRemoveShortcut@2x.png */,
				A57BD5E316A6C34800CA2CDF /* SRRemoveShortcutRollover.png */,
				A57BD5E416A6C34800CA2CDF /* SRRemoveShortcutRollover@2x.png */,
			);
			path = Images;
			sourceTree = "<group>";
		};
		1058C7A0FEA54F0111CA2CBB /* Linked Frameworks */ = {
			isa = PBXGroup;
			children = (
				A5B49BAE16A6AA18004F9895 /* Carbon.framework */,
			);
			name = "Linked Frameworks";
			sourceTree = "<group>";
		};
		19C28FACFE9D520D11CA2CBB /* Products */ = {
			isa = PBXGroup;
			children = (
				A5B49B9316A6A88A004F9895 /* PTHotKey.framework */,
				A5B49BB516A6AB07004F9895 /* ShortcutRecorder.framework */,
				A5BE918D16A6B1EA00D3EAF6 /* TestApp.app */,
			);
			name = Products;
			sourceTree = "<group>";
		};
		29B97314FDCFA39411CA2CEA /* ShortcutRecorder */ = {
			isa = PBXGroup;
			children = (
				29B97317FDCFA39411CA2CEA /* Resources */,
				A5B49B9616A6A88A004F9895 /* PTHotKey */,
				A5B49BB816A6AB07004F9895 /* ShortcutRecorder */,
				A5BE919216A6B1EA00D3EAF6 /* TestApp */,
				29B97323FDCFA39411CA2CEA /* Frameworks */,
				19C28FACFE9D520D11CA2CBB /* Products */,
			);
			name = ShortcutRecorder;
			sourceTree = "<group>";
		};
		29B97317FDCFA39411CA2CEA /* Resources */ = {
			isa = PBXGroup;
			children = (
				0B5E281709C1D6C500444687 /* Images */,
			);
			name = Resources;
			sourceTree = "<group>";
		};
		29B97323FDCFA39411CA2CEA /* Frameworks */ = {
			isa = PBXGroup;
			children = (
				1058C7A0FEA54F0111CA2CBB /* Linked Frameworks */,
				A5B49B9416A6A88A004F9895 /* Cocoa.framework */,
			);
			name = Frameworks;
			sourceTree = "<group>";
		};
		A57BD5B516A6B71700CA2CDF /* Localization */ = {
			isa = PBXGroup;
			children = (
				A57BD5B616A6B71700CA2CDF /* ShortcutRecorder.strings */,
			);
			path = Localization;
			sourceTree = SOURCE_ROOT;
		};
		A5B49B9616A6A88A004F9895 /* PTHotKey */ = {
			isa = PBXGroup;
			children = (
				A5B49B8616A6A868004F9895 /* PTHotKey.h */,
				A5B49B8716A6A868004F9895 /* PTHotKey.m */,
				A5B49B8816A6A868004F9895 /* PTHotKeyCenter.h */,
				A5B49B8916A6A868004F9895 /* PTHotKeyCenter.m */,
				A5B49B8A16A6A868004F9895 /* PTKeyCodeTranslator.h */,
				A5B49B8B16A6A868004F9895 /* PTKeyCodeTranslator.m */,
				A5B49B8C16A6A868004F9895 /* PTKeyCombo.h */,
				A5B49B8D16A6A868004F9895 /* PTKeyCombo.m */,
				A5B49B9716A6A88A004F9895 /* Supporting Files */,
			);
			path = PTHotKey;
			sourceTree = "<group>";
		};
		A5B49B9716A6A88A004F9895 /* Supporting Files */ = {
			isa = PBXGroup;
			children = (
				A5B49B9816A6A88A004F9895 /* PTHotKey-Info.plist */,
				A5B49B9C16A6A88A004F9895 /* PTHotKey-Prefix.pch */,
			);
			name = "Supporting Files";
			sourceTree = "<group>";
		};
		A5B49BB816A6AB07004F9895 /* ShortcutRecorder */ = {
			isa = PBXGroup;
			children = (
				A5B49BD916A6AC3E004F9895 /* ShortcutRecorder.h */,
				A5B49BC516A6ABC9004F9895 /* SRCommon.h */,
				A5B49BC616A6ABC9004F9895 /* SRCommon.m */,
				A5B49BC716A6ABC9004F9895 /* SRKeyCodeTransformer.h */,
				A5B49BC816A6ABC9004F9895 /* SRKeyCodeTransformer.m */,
				A5B49BC916A6ABC9004F9895 /* SRRecorderCell.h */,
				A5B49BCA16A6ABC9004F9895 /* SRRecorderCell.m */,
				A5B49BCB16A6ABC9004F9895 /* SRRecorderControl.h */,
				A5B49BCC16A6ABC9004F9895 /* SRRecorderControl.m */,
				A5B49BCD16A6ABC9004F9895 /* SRValidator.h */,
				A5B49BCE16A6ABC9004F9895 /* SRValidator.m */,
				A5B49BB916A6AB07004F9895 /* Supporting Files */,
			);
			path = ShortcutRecorder;
			sourceTree = "<group>";
		};
		A5B49BB916A6AB07004F9895 /* Supporting Files */ = {
			isa = PBXGroup;
			children = (
				A57BD5B516A6B71700CA2CDF /* Localization */,
				A5B49BBA16A6AB07004F9895 /* ShortcutRecorder-Info.plist */,
				A5B49BBE16A6AB07004F9895 /* ShortcutRecorder-Prefix.pch */,
			);
			name = "Supporting Files";
			sourceTree = "<group>";
		};
		A5BE919216A6B1EA00D3EAF6 /* TestApp */ = {
			isa = PBXGroup;
			children = (
				A5BE91AD16A6B2D500D3EAF6 /* AppController.h */,
				A5BE91AE16A6B2D500D3EAF6 /* AppController.m */,
				A5BE91A116A6B1EA00D3EAF6 /* MainMenu.xib */,
				A5BE919316A6B1EA00D3EAF6 /* Supporting Files */,
			);
			path = TestApp;
			sourceTree = "<group>";
		};
		A5BE919316A6B1EA00D3EAF6 /* Supporting Files */ = {
			isa = PBXGroup;
			children = (
				A5BE919416A6B1EA00D3EAF6 /* TestApp-Info.plist */,
				A5BE919516A6B1EA00D3EAF6 /* InfoPlist.strings */,
				A5BE919816A6B1EA00D3EAF6 /* main.m */,
				A5BE919A16A6B1EA00D3EAF6 /* TestApp-Prefix.pch */,
				A5BE919B16A6B1EA00D3EAF6 /* Credits.rtf */,
			);
			name = "Supporting Files";
			sourceTree = "<group>";
		};
/* End PBXGroup section */

/* Begin PBXHeadersBuildPhase section */
		A5B49B9016A6A88A004F9895 /* Headers */ = {
			isa = PBXHeadersBuildPhase;
			buildActionMask = 2147483647;
			files = (
				A5B49BA616A6A8D8004F9895 /* PTHotKey.h in Headers */,
				A5B49BA816A6A8DA004F9895 /* PTHotKeyCenter.h in Headers */,
				A5B49BA916A6A8DC004F9895 /* PTKeyCodeTranslator.h in Headers */,
				A5B49BAA16A6A8DF004F9895 /* PTKeyCombo.h in Headers */,
			);
			runOnlyForDeploymentPostprocessing = 0;
		};
		A5B49BB216A6AB07004F9895 /* Headers */ = {
			isa = PBXHeadersBuildPhase;
			buildActionMask = 2147483647;
			files = (
				A5B49BCF16A6ABC9004F9895 /* SRCommon.h in Headers */,
				A5B49BD116A6ABC9004F9895 /* SRKeyCodeTransformer.h in Headers */,
				A5B49BD316A6ABC9004F9895 /* SRRecorderCell.h in Headers */,
				A5B49BD516A6ABC9004F9895 /* SRRecorderControl.h in Headers */,
				A5B49BD716A6ABC9004F9895 /* SRValidator.h in Headers */,
				A5B49BDA16A6AC3E004F9895 /* ShortcutRecorder.h in Headers */,
			);
			runOnlyForDeploymentPostprocessing = 0;
		};
/* End PBXHeadersBuildPhase section */

/* Begin PBXNativeTarget section */
		A5B49B9216A6A88A004F9895 /* PTHotKey */ = {
			isa = PBXNativeTarget;
			buildConfigurationList = A5B49BA016A6A88A004F9895 /* Build configuration list for PBXNativeTarget "PTHotKey" */;
			buildPhases = (
				A5B49B8E16A6A88A004F9895 /* Sources */,
				A5B49B8F16A6A88A004F9895 /* Frameworks */,
				A5B49B9016A6A88A004F9895 /* Headers */,
			);
			buildRules = (
			);
			dependencies = (
			);
			name = PTHotKey;
			productName = PTHotKey;
			productReference = A5B49B9316A6A88A004F9895 /* PTHotKey.framework */;
			productType = "com.apple.product-type.framework";
		};
		A5B49BB416A6AB07004F9895 /* ShortcutRecorder */ = {
			isa = PBXNativeTarget;
			buildConfigurationList = A5B49BC216A6AB07004F9895 /* Build configuration list for PBXNativeTarget "ShortcutRecorder" */;
			buildPhases = (
				A5B49BB016A6AB07004F9895 /* Sources */,
				A5B49BB116A6AB07004F9895 /* Frameworks */,
				A5B49BB216A6AB07004F9895 /* Headers */,
				A5B49BB316A6AB07004F9895 /* Resources */,
			);
			buildRules = (
			);
			dependencies = (
			);
			name = ShortcutRecorder;
			productName = ShortcutRecorder;
			productReference = A5B49BB516A6AB07004F9895 /* ShortcutRecorder.framework */;
			productType = "com.apple.product-type.framework";
		};
		A5BE918C16A6B1EA00D3EAF6 /* TestApp */ = {
			isa = PBXNativeTarget;
			buildConfigurationList = A5BE91A416A6B1EA00D3EAF6 /* Build configuration list for PBXNativeTarget "TestApp" */;
			buildPhases = (
				A5BE918916A6B1EA00D3EAF6 /* Sources */,
				A5BE918A16A6B1EA00D3EAF6 /* Frameworks */,
				A5BE918B16A6B1EA00D3EAF6 /* Resources */,
				A5BE91B416A6B34700D3EAF6 /* CopyFiles */,
			);
			buildRules = (
			);
			dependencies = (
				A5BE91B116A6B34100D3EAF6 /* PBXTargetDependency */,
				A5BE91B316A6B34100D3EAF6 /* PBXTargetDependency */,
			);
			name = TestApp;
			productName = TestApp;
			productReference = A5BE918D16A6B1EA00D3EAF6 /* TestApp.app */;
			productType = "com.apple.product-type.application";
		};
/* End PBXNativeTarget section */

/* Begin PBXProject section */
		29B97313FDCFA39411CA2CEA /* Project object */ = {
			isa = PBXProject;
			attributes = {
				LastUpgradeCheck = 0600;
			};
			buildConfigurationList = C01FCF4E08A954540054247B /* Build configuration list for PBXProject "ShortcutRecorder" */;
			compatibilityVersion = "Xcode 3.2";
			developmentRegion = English;
			hasScannedForEncodings = 1;
			knownRegions = (
				English,
				Japanese,
				French,
				German,
				sv,
				Dutch,
				en,
				infoplist.strings,
				ca,
				cs,
				da,
				de,
				el,
				"es-MX",
				es,
				fr,
				it,
				ja,
				ko,
				nb,
				nl,
				pl,
				"pt-BR",
				pt,
				ro,
				ru,
				sk,
				th,
				"zh-Hans",
				"zh-Hant",
			);
			mainGroup = 29B97314FDCFA39411CA2CEA /* ShortcutRecorder */;
			projectDirPath = "";
			projectRoot = "";
			targets = (
				A5B49B9216A6A88A004F9895 /* PTHotKey */,
				A5B49BB416A6AB07004F9895 /* ShortcutRecorder */,
				A5BE918C16A6B1EA00D3EAF6 /* TestApp */,
			);
		};
/* End PBXProject section */

/* Begin PBXResourcesBuildPhase section */
		A5B49BB316A6AB07004F9895 /* Resources */ = {
			isa = PBXResourcesBuildPhase;
			buildActionMask = 2147483647;
			files = (
				A57BD5CF16A6B71700CA2CDF /* ShortcutRecorder.strings in Resources */,
				A57BD60716A6C7AD00CA2CDF /* SRSnapback.png in Resources */,
				A57BD60816A6C7AD00CA2CDF /* SRSnapback@2x.png in Resources */,
				A57BD60916A6C7AD00CA2CDF /* SRRemoveShortcut.png in Resources */,
				A57BD60A16A6C7AD00CA2CDF /* SRRemoveShortcut@2x.png in Resources */,
				A57BD60B16A6C7AD00CA2CDF /* SRRemoveShortcutRollover.png in Resources */,
				A57BD60C16A6C7AD00CA2CDF /* SRRemoveShortcutRollover@2x.png in Resources */,
			);
			runOnlyForDeploymentPostprocessing = 0;
		};
		A5BE918B16A6B1EA00D3EAF6 /* Resources */ = {
			isa = PBXResourcesBuildPhase;
			buildActionMask = 2147483647;
			files = (
				A5BE919716A6B1EA00D3EAF6 /* InfoPlist.strings in Resources */,
				A5BE919D16A6B1EA00D3EAF6 /* Credits.rtf in Resources */,
				A5BE91A316A6B1EA00D3EAF6 /* MainMenu.xib in Resources */,
			);
			runOnlyForDeploymentPostprocessing = 0;
		};
/* End PBXResourcesBuildPhase section */

/* Begin PBXSourcesBuildPhase section */
		A5B49B8E16A6A88A004F9895 /* Sources */ = {
			isa = PBXSourcesBuildPhase;
			buildActionMask = 2147483647;
			files = (
				A5B49BAB16A6A8EB004F9895 /* PTHotKeyCenter.m in Sources */,
				A5B49BAC16A6A8EE004F9895 /* PTKeyCodeTranslator.m in Sources */,
				A5B49BAD16A6A8F0004F9895 /* PTKeyCombo.m in Sources */,
				A57BD5D716A6B9E200CA2CDF /* PTHotKey.m in Sources */,
			);
			runOnlyForDeploymentPostprocessing = 0;
		};
		A5B49BB016A6AB07004F9895 /* Sources */ = {
			isa = PBXSourcesBuildPhase;
			buildActionMask = 2147483647;
			files = (
				A5B49BD016A6ABC9004F9895 /* SRCommon.m in Sources */,
				A5B49BD216A6ABC9004F9895 /* SRKeyCodeTransformer.m in Sources */,
				A5B49BD416A6ABC9004F9895 /* SRRecorderCell.m in Sources */,
				A5B49BD616A6ABC9004F9895 /* SRRecorderControl.m in Sources */,
				A5B49BD816A6ABC9004F9895 /* SRValidator.m in Sources */,
			);
			runOnlyForDeploymentPostprocessing = 0;
		};
		A5BE918916A6B1EA00D3EAF6 /* Sources */ = {
			isa = PBXSourcesBuildPhase;
			buildActionMask = 2147483647;
			files = (
				A5BE91B716A6B35D00D3EAF6 /* main.m in Sources */,
				A5BE91AF16A6B2D500D3EAF6 /* AppController.m in Sources */,
			);
			runOnlyForDeploymentPostprocessing = 0;
		};
/* End PBXSourcesBuildPhase section */

/* Begin PBXTargetDependency section */
		A5BE91B116A6B34100D3EAF6 /* PBXTargetDependency */ = {
			isa = PBXTargetDependency;
			target = A5B49B9216A6A88A004F9895 /* PTHotKey */;
			targetProxy = A5BE91B016A6B34100D3EAF6 /* PBXContainerItemProxy */;
		};
		A5BE91B316A6B34100D3EAF6 /* PBXTargetDependency */ = {
			isa = PBXTargetDependency;
			target = A5B49BB416A6AB07004F9895 /* ShortcutRecorder */;
			targetProxy = A5BE91B216A6B34100D3EAF6 /* PBXContainerItemProxy */;
		};
/* End PBXTargetDependency section */

/* Begin PBXVariantGroup section */
		A57BD5B616A6B71700CA2CDF /* ShortcutRecorder.strings */ = {
			isa = PBXVariantGroup;
			children = (
				A57BD5B716A6B71700CA2CDF /* ca */,
				A57BD5B816A6B71700CA2CDF /* cs */,
				A57BD5B916A6B71700CA2CDF /* da */,
				A57BD5BA16A6B71700CA2CDF /* de */,
				A57BD5BB16A6B71700CA2CDF /* el */,
				A57BD5BC16A6B71700CA2CDF /* en */,
				A57BD5BD16A6B71700CA2CDF /* es-MX */,
				A57BD5BE16A6B71700CA2CDF /* es */,
				A57BD5BF16A6B71700CA2CDF /* fr */,
				A57BD5C016A6B71700CA2CDF /* it */,
				A57BD5C116A6B71700CA2CDF /* ja */,
				A57BD5C216A6B71700CA2CDF /* ko */,
				A57BD5C316A6B71700CA2CDF /* nb */,
				A57BD5C416A6B71700CA2CDF /* nl */,
				A57BD5C516A6B71700CA2CDF /* pl */,
				A57BD5C616A6B71700CA2CDF /* pt-BR */,
				A57BD5C716A6B71700CA2CDF /* pt */,
				A57BD5C816A6B71700CA2CDF /* ro */,
				A57BD5C916A6B71700CA2CDF /* ru */,
				A57BD5CA16A6B71700CA2CDF /* sk */,
				A57BD5CB16A6B71700CA2CDF /* sv */,
				A57BD5CC16A6B71700CA2CDF /* th */,
				A57BD5CD16A6B71700CA2CDF /* zh-Hans */,
				A57BD5CE16A6B71700CA2CDF /* zh-Hant */,
			);
			name = ShortcutRecorder.strings;
			sourceTree = "<group>";
		};
		A5BE919516A6B1EA00D3EAF6 /* InfoPlist.strings */ = {
			isa = PBXVariantGroup;
			children = (
				A5BE919616A6B1EA00D3EAF6 /* en */,
			);
			name = InfoPlist.strings;
			sourceTree = "<group>";
		};
		A5BE919B16A6B1EA00D3EAF6 /* Credits.rtf */ = {
			isa = PBXVariantGroup;
			children = (
				A5BE919C16A6B1EA00D3EAF6 /* en */,
			);
			name = Credits.rtf;
			sourceTree = "<group>";
		};
		A5BE91A116A6B1EA00D3EAF6 /* MainMenu.xib */ = {
			isa = PBXVariantGroup;
			children = (
				A5BE91A216A6B1EA00D3EAF6 /* en */,
			);
			name = MainMenu.xib;
			sourceTree = "<group>";
		};
/* End PBXVariantGroup section */

/* Begin XCBuildConfiguration section */
		A5B49BA116A6A88A004F9895 /* Debug */ = {
			isa = XCBuildConfiguration;
			buildSettings = {
				ALWAYS_SEARCH_USER_PATHS = NO;
				CLANG_CXX_LANGUAGE_STANDARD = "gnu++0x";
				CLANG_CXX_LIBRARY = "libc++";
				CLANG_ENABLE_OBJC_ARC = YES;
				CLANG_WARN_EMPTY_BODY = YES;
				CLANG_WARN__DUPLICATE_METHOD_MATCH = YES;
				CODE_SIGN_IDENTITY = "IGR Software";
				COMBINE_HIDPI_IMAGES = YES;
				COPY_PHASE_STRIP = NO;
				DYLIB_COMPATIBILITY_VERSION = 1;
				DYLIB_CURRENT_VERSION = 1;
				FRAMEWORK_VERSION = A;
				GCC_C_LANGUAGE_STANDARD = gnu99;
				GCC_DYNAMIC_NO_PIC = NO;
				GCC_ENABLE_OBJC_EXCEPTIONS = YES;
				GCC_OPTIMIZATION_LEVEL = 0;
				GCC_PRECOMPILE_PREFIX_HEADER = YES;
				GCC_PREFIX_HEADER = "PTHotKey/PTHotKey-Prefix.pch";
				GCC_PREPROCESSOR_DEFINITIONS = (
					"DEBUG=1",
					"$(inherited)",
				);
				GCC_SYMBOLS_PRIVATE_EXTERN = NO;
				GCC_WARN_64_TO_32_BIT_CONVERSION = YES;
				GCC_WARN_ABOUT_RETURN_TYPE = YES;
				GCC_WARN_UNINITIALIZED_AUTOS = YES;
				GCC_WARN_UNUSED_VARIABLE = YES;
				INFOPLIST_FILE = "PTHotKey/PTHotKey-Info.plist";
				INSTALL_PATH = "@executable_path/../Frameworks";
				MACOSX_DEPLOYMENT_TARGET = 10.7;
				ONLY_ACTIVE_ARCH = YES;
				PRODUCT_NAME = "$(TARGET_NAME)";
				SDKROOT = macosx;
				WRAPPER_EXTENSION = framework;
			};
			name = Debug;
		};
		A5B49BA216A6A88A004F9895 /* Release */ = {
			isa = XCBuildConfiguration;
			buildSettings = {
				ALWAYS_SEARCH_USER_PATHS = NO;
				CLANG_CXX_LANGUAGE_STANDARD = "gnu++0x";
				CLANG_CXX_LIBRARY = "libc++";
				CLANG_ENABLE_OBJC_ARC = YES;
				CLANG_WARN_EMPTY_BODY = YES;
				CLANG_WARN__DUPLICATE_METHOD_MATCH = YES;
				CODE_SIGN_IDENTITY = "IGR Software";
				COMBINE_HIDPI_IMAGES = YES;
				COPY_PHASE_STRIP = YES;
				DEBUG_INFORMATION_FORMAT = "dwarf-with-dsym";
				DYLIB_COMPATIBILITY_VERSION = 1;
				DYLIB_CURRENT_VERSION = 1;
				FRAMEWORK_VERSION = A;
				GCC_C_LANGUAGE_STANDARD = gnu99;
				GCC_ENABLE_OBJC_EXCEPTIONS = YES;
				GCC_PRECOMPILE_PREFIX_HEADER = YES;
				GCC_PREFIX_HEADER = "PTHotKey/PTHotKey-Prefix.pch";
				GCC_WARN_64_TO_32_BIT_CONVERSION = YES;
				GCC_WARN_ABOUT_RETURN_TYPE = YES;
				GCC_WARN_UNINITIALIZED_AUTOS = YES;
				GCC_WARN_UNUSED_VARIABLE = YES;
				INFOPLIST_FILE = "PTHotKey/PTHotKey-Info.plist";
				INSTALL_PATH = "@executable_path/../Frameworks";
				MACOSX_DEPLOYMENT_TARGET = 10.7;
				PRODUCT_NAME = "$(TARGET_NAME)";
				SDKROOT = macosx;
				WRAPPER_EXTENSION = framework;
			};
			name = Release;
		};
		A5B49BC316A6AB07004F9895 /* Debug */ = {
			isa = XCBuildConfiguration;
			buildSettings = {
				ALWAYS_SEARCH_USER_PATHS = NO;
				CLANG_CXX_LANGUAGE_STANDARD = "gnu++0x";
				CLANG_CXX_LIBRARY = "libc++";
				CLANG_ENABLE_OBJC_ARC = YES;
				CLANG_WARN_EMPTY_BODY = YES;
				CLANG_WARN__DUPLICATE_METHOD_MATCH = YES;
				CODE_SIGN_IDENTITY = "IGR Software";
				COMBINE_HIDPI_IMAGES = YES;
				COPY_PHASE_STRIP = NO;
				DYLIB_COMPATIBILITY_VERSION = 1;
				DYLIB_CURRENT_VERSION = 1;
				FRAMEWORK_VERSION = A;
				GCC_C_LANGUAGE_STANDARD = gnu99;
				GCC_DYNAMIC_NO_PIC = NO;
				GCC_ENABLE_OBJC_EXCEPTIONS = YES;
				GCC_OPTIMIZATION_LEVEL = 0;
				GCC_PRECOMPILE_PREFIX_HEADER = YES;
				GCC_PREFIX_HEADER = "ShortcutRecorder/ShortcutRecorder-Prefix.pch";
				GCC_PREPROCESSOR_DEFINITIONS = (
					"DEBUG=1",
					"$(inherited)",
				);
				GCC_SYMBOLS_PRIVATE_EXTERN = NO;
				GCC_WARN_64_TO_32_BIT_CONVERSION = YES;
				GCC_WARN_ABOUT_RETURN_TYPE = YES;
				GCC_WARN_UNINITIALIZED_AUTOS = YES;
				GCC_WARN_UNUSED_VARIABLE = YES;
				INFOPLIST_FILE = "ShortcutRecorder/ShortcutRecorder-Info.plist";
				INSTALL_PATH = "@executable_path/../Frameworks";
				MACOSX_DEPLOYMENT_TARGET = 10.7;
				ONLY_ACTIVE_ARCH = YES;
				PRODUCT_NAME = "$(TARGET_NAME)";
				SDKROOT = macosx;
				WRAPPER_EXTENSION = framework;
			};
			name = Debug;
		};
		A5B49BC416A6AB07004F9895 /* Release */ = {
			isa = XCBuildConfiguration;
			buildSettings = {
				ALWAYS_SEARCH_USER_PATHS = NO;
				CLANG_CXX_LANGUAGE_STANDARD = "gnu++0x";
				CLANG_CXX_LIBRARY = "libc++";
				CLANG_ENABLE_OBJC_ARC = YES;
				CLANG_WARN_EMPTY_BODY = YES;
				CLANG_WARN__DUPLICATE_METHOD_MATCH = YES;
				CODE_SIGN_IDENTITY = "IGR Software";
				COMBINE_HIDPI_IMAGES = YES;
				COPY_PHASE_STRIP = YES;
				DEBUG_INFORMATION_FORMAT = "dwarf-with-dsym";
				DYLIB_COMPATIBILITY_VERSION = 1;
				DYLIB_CURRENT_VERSION = 1;
				FRAMEWORK_VERSION = A;
				GCC_C_LANGUAGE_STANDARD = gnu99;
				GCC_ENABLE_OBJC_EXCEPTIONS = YES;
				GCC_PRECOMPILE_PREFIX_HEADER = YES;
				GCC_PREFIX_HEADER = "ShortcutRecorder/ShortcutRecorder-Prefix.pch";
				GCC_WARN_64_TO_32_BIT_CONVERSION = YES;
				GCC_WARN_ABOUT_RETURN_TYPE = YES;
				GCC_WARN_UNINITIALIZED_AUTOS = YES;
				GCC_WARN_UNUSED_VARIABLE = YES;
				INFOPLIST_FILE = "ShortcutRecorder/ShortcutRecorder-Info.plist";
				INSTALL_PATH = "@executable_path/../Frameworks";
				MACOSX_DEPLOYMENT_TARGET = 10.7;
				PRODUCT_NAME = "$(TARGET_NAME)";
				SDKROOT = macosx;
				WRAPPER_EXTENSION = framework;
			};
			name = Release;
		};
		A5BE91A516A6B1EA00D3EAF6 /* Debug */ = {
			isa = XCBuildConfiguration;
			buildSettings = {
				ALWAYS_SEARCH_USER_PATHS = NO;
				CLANG_CXX_LANGUAGE_STANDARD = "gnu++0x";
				CLANG_CXX_LIBRARY = "libc++";
				CLANG_ENABLE_OBJC_ARC = YES;
				CLANG_WARN_EMPTY_BODY = YES;
				CLANG_WARN__DUPLICATE_METHOD_MATCH = YES;
				CODE_SIGN_IDENTITY = "IGR Software";
				COMBINE_HIDPI_IMAGES = YES;
				COPY_PHASE_STRIP = NO;
				GCC_C_LANGUAGE_STANDARD = gnu99;
				GCC_DYNAMIC_NO_PIC = NO;
				GCC_ENABLE_OBJC_EXCEPTIONS = YES;
				GCC_OPTIMIZATION_LEVEL = 0;
				GCC_PRECOMPILE_PREFIX_HEADER = YES;
				GCC_PREFIX_HEADER = "TestApp/TestApp-Prefix.pch";
				GCC_PREPROCESSOR_DEFINITIONS = (
					"DEBUG=1",
					"$(inherited)",
				);
				GCC_SYMBOLS_PRIVATE_EXTERN = NO;
				GCC_WARN_64_TO_32_BIT_CONVERSION = YES;
				GCC_WARN_ABOUT_RETURN_TYPE = YES;
				GCC_WARN_UNINITIALIZED_AUTOS = YES;
				GCC_WARN_UNUSED_VARIABLE = YES;
				INFOPLIST_FILE = "TestApp/TestApp-Info.plist";
				MACOSX_DEPLOYMENT_TARGET = 10.7;
				ONLY_ACTIVE_ARCH = YES;
				PRODUCT_NAME = "$(TARGET_NAME)";
				SDKROOT = macosx;
				WRAPPER_EXTENSION = app;
			};
			name = Debug;
		};
		A5BE91A616A6B1EA00D3EAF6 /* Release */ = {
			isa = XCBuildConfiguration;
			buildSettings = {
				ALWAYS_SEARCH_USER_PATHS = NO;
				CLANG_CXX_LANGUAGE_STANDARD = "gnu++0x";
				CLANG_CXX_LIBRARY = "libc++";
				CLANG_ENABLE_OBJC_ARC = YES;
				CLANG_WARN_EMPTY_BODY = YES;
				CLANG_WARN__DUPLICATE_METHOD_MATCH = YES;
				CODE_SIGN_IDENTITY = "IGR Software";
				COMBINE_HIDPI_IMAGES = YES;
				COPY_PHASE_STRIP = YES;
				DEBUG_INFORMATION_FORMAT = "dwarf-with-dsym";
				GCC_C_LANGUAGE_STANDARD = gnu99;
				GCC_ENABLE_OBJC_EXCEPTIONS = YES;
				GCC_PRECOMPILE_PREFIX_HEADER = YES;
				GCC_PREFIX_HEADER = "TestApp/TestApp-Prefix.pch";
				GCC_WARN_64_TO_32_BIT_CONVERSION = YES;
				GCC_WARN_ABOUT_RETURN_TYPE = YES;
				GCC_WARN_UNINITIALIZED_AUTOS = YES;
				GCC_WARN_UNUSED_VARIABLE = YES;
				INFOPLIST_FILE = "TestApp/TestApp-Info.plist";
				MACOSX_DEPLOYMENT_TARGET = 10.7;
				PRODUCT_NAME = "$(TARGET_NAME)";
				SDKROOT = macosx;
				WRAPPER_EXTENSION = app;
			};
			name = Release;
		};
		C01FCF4F08A954540054247B /* Debug */ = {
			isa = XCBuildConfiguration;
			buildSettings = {
				ONLY_ACTIVE_ARCH = YES;
				SKIP_INSTALL = YES;
			};
			name = Debug;
		};
		C01FCF5008A954540054247B /* Release */ = {
			isa = XCBuildConfiguration;
			buildSettings = {
				SKIP_INSTALL = YES;
			};
			name = Release;
		};
/* End XCBuildConfiguration section */

/* Begin XCConfigurationList section */
		A5B49BA016A6A88A004F9895 /* Build configuration list for PBXNativeTarget "PTHotKey" */ = {
			isa = XCConfigurationList;
			buildConfigurations = (
				A5B49BA116A6A88A004F9895 /* Debug */,
				A5B49BA216A6A88A004F9895 /* Release */,
			);
			defaultConfigurationIsVisible = 0;
			defaultConfigurationName = Release;
		};
		A5B49BC216A6AB07004F9895 /* Build configuration list for PBXNativeTarget "ShortcutRecorder" */ = {
			isa = XCConfigurationList;
			buildConfigurations = (
				A5B49BC316A6AB07004F9895 /* Debug */,
				A5B49BC416A6AB07004F9895 /* Release */,
			);
			defaultConfigurationIsVisible = 0;
			defaultConfigurationName = Release;
		};
		A5BE91A416A6B1EA00D3EAF6 /* Build configuration list for PBXNativeTarget "TestApp" */ = {
			isa = XCConfigurationList;
			buildConfigurations = (
				A5BE91A516A6B1EA00D3EAF6 /* Debug */,
				A5BE91A616A6B1EA00D3EAF6 /* Release */,
			);
			defaultConfigurationIsVisible = 0;
			defaultConfigurationName = Release;
		};
		C01FCF4E08A954540054247B /* Build configuration list for PBXProject "ShortcutRecorder" */ = {
			isa = XCConfigurationList;
			buildConfigurations = (
				C01FCF4F08A954540054247B /* Debug */,
				C01FCF5008A954540054247B /* Release */,
			);
			defaultConfigurationIsVisible = 0;
			defaultConfigurationName = Release;
		};
/* End XCConfigurationList section */
	};
	rootObject = 29B97313FDCFA39411CA2CEA /* Project object */;
}
